
Microsoft Visual Studio Solution File, Format Version 12.00
# Visual Studio 15
VisualStudioVersion = 15.0.26430.16
MinimumVisualStudioVersion = 10.0.40219.1
Project("{FAE04EC0-301F-11D3-BF4B-00C04F79EFBC}") = "NetState.Core.Barebones", "NetState.Core.Barebones\NetState.Core.Barebones.csproj", "{5ED21AE8-29DD-4F02-9689-2C4AC5A02A1F}"
EndProject
Project("{FAE04EC0-301F-11D3-BF4B-00C04F79EFBC}") = "NetState.Core.Impl", "NetState.Core.Impl\NetState.Core.Impl.csproj", "{47482C2C-CDCA-4E12-BAAC-E72A0385802A}"
EndProject
Project("{FAE04EC0-301F-11D3-BF4B-00C04F79EFBC}") = "NetState.UsageExamples", "NetState.UsageExamples\NetState.UsageExamples.csproj", "{82148B1E-8366-4CB3-9409-B497C1221E9E}"
EndProject
Project("{FAE04EC0-301F-11D3-BF4B-00C04F79EFBC}") = "NetState.Sandbox", "NetState.Sandbox\NetState.Sandbox.csproj", "{789EBAA0-5194-4FF8-8CFC-A4AB6026A51B}"
EndProject
Global
	GlobalSection(SolutionConfigurationPlatforms) = preSolution
		Debug|Any CPU = Debug|Any CPU
		Release|Any CPU = Release|Any CPU
	EndGlobalSection
	GlobalSection(ProjectConfigurationPlatforms) = postSolution
		{5ED21AE8-29DD-4F02-9689-2C4AC5A02A1F}.Debug|Any CPU.ActiveCfg = Debug|Any CPU
		{5ED21AE8-29DD-4F02-9689-2C4AC5A02A1F}.Debug|Any CPU.Build.0 = Debug|Any CPU
		{5ED21AE8-29DD-4F02-9689-2C4AC5A02A1F}.Release|Any CPU.ActiveCfg = Release|Any CPU
		{5ED21AE8-29DD-4F02-9689-2C4AC5A02A1F}.Release|Any CPU.Build.0 = Release|Any CPU
		{47482C2C-CDCA-4E12-BAAC-E72A0385802A}.Debug|Any CPU.ActiveCfg = Debug|Any CPU
		{47482C2C-CDCA-4E12-BAAC-E72A0385802A}.Debug|Any CPU.Build.0 = Debug|Any CPU
		{47482C2C-CDCA-4E12-BAAC-E72A0385802A}.Release|Any CPU.ActiveCfg = Release|Any CPU
		{47482C2C-CDCA-4E12-BAAC-E72A0385802A}.Release|Any CPU.Build.0 = Release|Any CPU
		{82148B1E-8366-4CB3-9409-B497C1221E9E}.Debug|Any CPU.ActiveCfg = Debug|Any CPU
		{82148B1E-8366-4CB3-9409-B497C1221E9E}.Debug|Any CPU.Build.0 = Debug|Any CPU
		{82148B1E-8366-4CB3-9409-B497C1221E9E}.Release|Any CPU.ActiveCfg = Release|Any CPU
		{82148B1E-8366-4CB3-9409-B497C1221E9E}.Release|Any CPU.Build.0 = Release|Any CPU
		{789EBAA0-5194-4FF8-8CFC-A4AB6026A51B}.Debug|Any CPU.ActiveCfg = Debug|Any CPU
		{789EBAA0-5194-4FF8-8CFC-A4AB6026A51B}.Debug|Any CPU.Build.0 = Debug|Any CPU
		{789EBAA0-5194-4FF8-8CFC-A4AB6026A51B}.Release|Any CPU.ActiveCfg = Release|Any CPU
		{789EBAA0-5194-4FF8-8CFC-A4AB6026A51B}.Release|Any CPU.Build.0 = Release|Any CPU
	EndGlobalSection
	GlobalSection(SolutionProperties) = preSolution
		HideSolutionNode = FALSE
	EndGlobalSection
EndGlobal
